// !$*UTF8*$!
{
	archiveVersion = 1;
	classes = {
	};
	objectVersion = 56;
	objects = {

/* Begin PBXBuildFile section */
		FE8662F52CA1D24A004F1F01 /* WhetherCell.swift in Sources */ = {isa = PBXBuildFile; fileRef = FE8662F32CA1D24A004F1F01 /* WhetherCell.swift */; };
		FE8662F62CA1D24A004F1F01 /* WhetherCell.xib in Resources */ = {isa = PBXBuildFile; fileRef = FE8662F42CA1D24A004F1F01 /* WhetherCell.xib */; };
		FE8662FB2CA24EBD004F1F01 /* Cities.json in Resources */ = {isa = PBXBuildFile; fileRef = FE8662FA2CA24EBD004F1F01 /* Cities.json */; };
		FEF512FE2CA19D2700D817A6 /* AppDelegate.swift in Sources */ = {isa = PBXBuildFile; fileRef = FEF512FD2CA19D2700D817A6 /* AppDelegate.swift */; };
		FEF513002CA19D2700D817A6 /* SceneDelegate.swift in Sources */ = {isa = PBXBuildFile; fileRef = FEF512FF2CA19D2700D817A6 /* SceneDelegate.swift */; };
		FEF513022CA19D2700D817A6 /* ViewController.swift in Sources */ = {isa = PBXBuildFile; fileRef = FEF513012CA19D2700D817A6 /* ViewController.swift */; };
		FEF513052CA19D2700D817A6 /* Main.storyboard in Resources */ = {isa = PBXBuildFile; fileRef = FEF513032CA19D2700D817A6 /* Main.storyboard */; };
		FEF513072CA19D2900D817A6 /* Assets.xcassets in Resources */ = {isa = PBXBuildFile; fileRef = FEF513062CA19D2900D817A6 /* Assets.xcassets */; };
		FEF5130A2CA19D2900D817A6 /* LaunchScreen.storyboard in Resources */ = {isa = PBXBuildFile; fileRef = FEF513082CA19D2900D817A6 /* LaunchScreen.storyboard */; };
		FEF513122CA19D3600D817A6 /* WeatherModel.swift in Sources */ = {isa = PBXBuildFile; fileRef = FEF513112CA19D3600D817A6 /* WeatherModel.swift */; };
		FEF513142CA19EDA00D817A6 /* NetworkManager.swift in Sources */ = {isa = PBXBuildFile; fileRef = FEF513132CA19EDA00D817A6 /* NetworkManager.swift */; };
		FEF513172CA1A79E00D817A6 /* DataConversion.swift in Sources */ = {isa = PBXBuildFile; fileRef = FEF513162CA1A79E00D817A6 /* DataConversion.swift */; };
/* End PBXBuildFile section */

/* Begin PBXFileReference section */
		FE8662F32CA1D24A004F1F01 /* WhetherCell.swift */ = {isa = PBXFileReference; lastKnownFileType = sourcecode.swift; path = WhetherCell.swift; sourceTree = "<group>"; };
		FE8662F42CA1D24A004F1F01 /* WhetherCell.xib */ = {isa = PBXFileReference; lastKnownFileType = file.xib; path = WhetherCell.xib; sourceTree = "<group>"; };
		FE8662FA2CA24EBD004F1F01 /* Cities.json */ = {isa = PBXFileReference; lastKnownFileType = text.json; path = Cities.json; sourceTree = "<group>"; };
		FEF512FA2CA19D2700D817A6 /* WeatherTask.app */ = {isa = PBXFileReference; explicitFileType = wrapper.application; includeInIndex = 0; path = WeatherTask.app; sourceTree = BUILT_PRODUCTS_DIR; };
		FEF512FD2CA19D2700D817A6 /* AppDelegate.swift */ = {isa = PBXFileReference; lastKnownFileType = sourcecode.swift; path = AppDelegate.swift; sourceTree = "<group>"; };
		FEF512FF2CA19D2700D817A6 /* SceneDelegate.swift */ = {isa = PBXFileReference; lastKnownFileType = sourcecode.swift; path = SceneDelegate.swift; sourceTree = "<group>"; };
		FEF513012CA19D2700D817A6 /* ViewController.swift */ = {isa = PBXFileReference; lastKnownFileType = sourcecode.swift; path = ViewController.swift; sourceTree = "<group>"; };
		FEF513042CA19D2700D817A6 /* Base */ = {isa = PBXFileReference; lastKnownFileType = file.storyboard; name = Base; path = Base.lproj/Main.storyboard; sourceTree = "<group>"; };
		FEF513062CA19D2900D817A6 /* Assets.xcassets */ = {isa = PBXFileReference; lastKnownFileType = folder.assetcatalog; path = Assets.xcassets; sourceTree = "<group>"; };
		FEF513092CA19D2900D817A6 /* Base */ = {isa = PBXFileReference; lastKnownFileType = file.storyboard; name = Base; path = Base.lproj/LaunchScreen.storyboard; sourceTree = "<group>"; };
		FEF5130B2CA19D2900D817A6 /* Info.plist */ = {isa = PBXFileReference; lastKnownFileType = text.plist.xml; path = Info.plist; sourceTree = "<group>"; };
		FEF513112CA19D3600D817A6 /* WeatherModel.swift */ = {isa = PBXFileReference; lastKnownFileType = sourcecode.swift; path = WeatherModel.swift; sourceTree = "<group>"; };
		FEF513132CA19EDA00D817A6 /* NetworkManager.swift */ = {isa = PBXFileReference; lastKnownFileType = sourcecode.swift; path = NetworkManager.swift; sourceTree = "<group>"; };
		FEF513162CA1A79E00D817A6 /* DataConversion.swift */ = {isa = PBXFileReference; lastKnownFileType = sourcecode.swift; path = DataConversion.swift; sourceTree = "<group>"; };
/* End PBXFileReference section */

/* Begin PBXFrameworksBuildPhase section */
		FEF512F72CA19D2700D817A6 /* Frameworks */ = {
			isa = PBXFrameworksBuildPhase;
			buildActionMask = 2147483647;
			files = (
			);
			runOnlyForDeploymentPostprocessing = 0;
		};
/* End PBXFrameworksBuildPhase section */

/* Begin PBXGroup section */
		FE8662F22CA1D228004F1F01 /* Cell */ = {
			isa = PBXGroup;
			children = (
				FE8662F32CA1D24A004F1F01 /* WhetherCell.swift */,
				FE8662F42CA1D24A004F1F01 /* WhetherCell.xib */,
			);
			path = Cell;
			sourceTree = "<group>";
		};
		FE8662F72CA24118004F1F01 /* Network Manager */ = {
			isa = PBXGroup;
			children = (
				FEF513132CA19EDA00D817A6 /* NetworkManager.swift */,
			);
			path = "Network Manager";
			sourceTree = "<group>";
		};
		FE8662F82CA24125004F1F01 /* Model */ = {
			isa = PBXGroup;
			children = (
				FEF513112CA19D3600D817A6 /* WeatherModel.swift */,
			);
			path = Model;
			sourceTree = "<group>";
		};
		FE8662F92CA24238004F1F01 /* Controller */ = {
			isa = PBXGroup;
			children = (
				FEF513012CA19D2700D817A6 /* ViewController.swift */,
			);
			path = Controller;
			sourceTree = "<group>";
		};
		FEF512F12CA19D2700D817A6 = {
			isa = PBXGroup;
			children = (
				FEF512FC2CA19D2700D817A6 /* WeatherTask */,
				FEF512FB2CA19D2700D817A6 /* Products */,
			);
			sourceTree = "<group>";
		};
		FEF512FB2CA19D2700D817A6 /* Products */ = {
			isa = PBXGroup;
			children = (
				FEF512FA2CA19D2700D817A6 /* WeatherTask.app */,
			);
			name = Products;
			sourceTree = "<group>";
		};
		FEF512FC2CA19D2700D817A6 /* WeatherTask */ = {
			isa = PBXGroup;
			children = (
				FE8662FA2CA24EBD004F1F01 /* Cities.json */,
				FE8662F92CA24238004F1F01 /* Controller */,
				FE8662F82CA24125004F1F01 /* Model */,
				FE8662F72CA24118004F1F01 /* Network Manager */,
				FE8662F22CA1D228004F1F01 /* Cell */,
				FEF513152CA1A79100D817A6 /* Utility */,
				FEF512FD2CA19D2700D817A6 /* AppDelegate.swift */,
				FEF512FF2CA19D2700D817A6 /* SceneDelegate.swift */,
				FEF513032CA19D2700D817A6 /* Main.storyboard */,
				FEF513062CA19D2900D817A6 /* Assets.xcassets */,
				FEF513082CA19D2900D817A6 /* LaunchScreen.storyboard */,
				FEF5130B2CA19D2900D817A6 /* Info.plist */,
			);
			path = WeatherTask;
			sourceTree = "<group>";
		};
		FEF513152CA1A79100D817A6 /* Utility */ = {
			isa = PBXGroup;
			children = (
				FEF513162CA1A79E00D817A6 /* DataConversion.swift */,
			);
			path = Utility;
			sourceTree = "<group>";
		};
/* End PBXGroup section */

/* Begin PBXNativeTarget section */
		FEF512F92CA19D2700D817A6 /* WeatherTask */ = {
			isa = PBXNativeTarget;
			buildConfigurationList = FEF5130E2CA19D2900D817A6 /* Build configuration list for PBXNativeTarget "WeatherTask" */;
			buildPhases = (
				FEF512F62CA19D2700D817A6 /* Sources */,
				FEF512F72CA19D2700D817A6 /* Frameworks */,
				FEF512F82CA19D2700D817A6 /* Resources */,
			);
			buildRules = (
			);
			dependencies = (
			);
			name = WeatherTask;
			productName = WeatherTask;
			productReference = FEF512FA2CA19D2700D817A6 /* WeatherTask.app */;
			productType = "com.apple.product-type.application";
		};
/* End PBXNativeTarget section */

/* Begin PBXProject section */
		FEF512F22CA19D2700D817A6 /* Project object */ = {
			isa = PBXProject;
			attributes = {
				BuildIndependentTargetsInParallel = 1;
				LastSwiftUpdateCheck = 1500;
				LastUpgradeCheck = 1500;
				TargetAttributes = {
					FEF512F92CA19D2700D817A6 = {
						CreatedOnToolsVersion = 15.0;
					};
				};
			};
			buildConfigurationList = FEF512F52CA19D2700D817A6 /* Build configuration list for PBXProject "WeatherTask" */;
			compatibilityVersion = "Xcode 14.0";
			developmentRegion = en;
			hasScannedForEncodings = 0;
			knownRegions = (
				en,
				Base,
			);
			mainGroup = FEF512F12CA19D2700D817A6;
			productRefGroup = FEF512FB2CA19D2700D817A6 /* Products */;
			projectDirPath = "";
			projectRoot = "";
			targets = (
				FEF512F92CA19D2700D817A6 /* WeatherTask */,
			);
		};
/* End PBXProject section */

/* Begin PBXResourcesBuildPhase section */
		FEF512F82CA19D2700D817A6 /* Resources */ = {
			isa = PBXResourcesBuildPhase;
			buildActionMask = 2147483647;
			files = (
				FEF5130A2CA19D2900D817A6 /* LaunchScreen.storyboard in Resources */,
				FEF513072CA19D2900D817A6 /* Assets.xcassets in Resources */,
				FE8662FB2CA24EBD004F1F01 /* Cities.json in Resources */,
				FEF513052CA19D2700D817A6 /* Main.storyboard in Resources */,
				FE8662F62CA1D24A004F1F01 /* WhetherCell.xib in Resources */,
			);
			runOnlyForDeploymentPostprocessing = 0;
		};
/* End PBXResourcesBuildPhase section */

/* Begin PBXSourcesBuildPhase section */
		FEF512F62CA19D2700D817A6 /* Sources */ = {
			isa = PBXSourcesBuildPhase;
			buildActionMask = 2147483647;
			files = (
				FEF513022CA19D2700D817A6 /* ViewController.swift in Sources */,
				FEF512FE2CA19D2700D817A6 /* AppDelegate.swift in Sources */,
				FEF513142CA19EDA00D817A6 /* NetworkManager.swift in Sources */,
				FEF513172CA1A79E00D817A6 /* DataConversion.swift in Sources */,
				FEF513122CA19D3600D817A6 /* WeatherModel.swift in Sources */,
				FEF513002CA19D2700D817A6 /* SceneDelegate.swift in Sources */,
				FE8662F52CA1D24A004F1F01 /* WhetherCell.swift in Sources */,
			);
			runOnlyForDeploymentPostprocessing = 0;
		};
/* End PBXSourcesBuildPhase section */

/* Begin PBXVariantGroup section */
		FEF513032CA19D2700D817A6 /* Main.storyboard */ = {
			isa = PBXVariantGroup;
			children = (
				FEF513042CA19D2700D817A6 /* Base */,
			);
			name = Main.storyboard;
			sourceTree = "<group>";
		};
		FEF513082CA19D2900D817A6 /* LaunchScreen.storyboard */ = {
			isa = PBXVariantGroup;
			children = (
				FEF513092CA19D2900D817A6 /* Base */,
			);
			name = LaunchScreen.storyboard;
			sourceTree = "<group>";
		};
/* End PBXVariantGroup section */

/* Begin XCBuildConfiguration section */
		FEF5130C2CA19D2900D817A6 /* Debug */ = {
			isa = XCBuildConfiguration;
			buildSettings = {
				ALWAYS_SEARCH_USER_PATHS = NO;
				ASSETCATALOG_COMPILER_GENERATE_SWIFT_ASSET_SYMBOL_EXTENSIONS = YES;
				CLANG_ANALYZER_NONNULL = YES;
				CLANG_ANALYZER_NUMBER_OBJECT_CONVERSION = YES_AGGRESSIVE;
				CLANG_CXX_LANGUAGE_STANDARD = "gnu++20";
				CLANG_ENABLE_MODULES = YES;
				CLANG_ENABLE_OBJC_ARC = YES;
				CLANG_ENABLE_OBJC_WEAK = YES;
				CLANG_WARN_BLOCK_CAPTURE_AUTORELEASING = YES;
				CLANG_WARN_BOOL_CONVERSION = YES;
				CLANG_WARN_COMMA = YES;
				CLANG_WARN_CONSTANT_CONVERSION = YES;
				CLANG_WARN_DEPRECATED_OBJC_IMPLEMENTATIONS = YES;
				CLANG_WARN_DIRECT_OBJC_ISA_USAGE = YES_ERROR;
				CLANG_WARN_DOCUMENTATION_COMMENTS = YES;
				CLANG_WARN_EMPTY_BODY = YES;
				CLANG_WARN_ENUM_CONVERSION = YES;
				CLANG_WARN_INFINITE_RECURSION = YES;
				CLANG_WARN_INT_CONVERSION = YES;
				CLANG_WARN_NON_LITERAL_NULL_CONVERSION = YES;
				CLANG_WARN_OBJC_IMPLICIT_RETAIN_SELF = YES;
				CLANG_WARN_OBJC_LITERAL_CONVERSION = YES;
				CLANG_WARN_OBJC_ROOT_CLASS = YES_ERROR;
				CLANG_WARN_QUOTED_INCLUDE_IN_FRAMEWORK_HEADER = YES;
				CLANG_WARN_RANGE_LOOP_ANALYSIS = YES;
				CLANG_WARN_STRICT_PROTOTYPES = YES;
				CLANG_WARN_SUSPICIOUS_MOVE = YES;
				CLANG_WARN_UNGUARDED_AVAILABILITY = YES_AGGRESSIVE;
				CLANG_WARN_UNREACHABLE_CODE = YES;
				CLANG_WARN__DUPLICATE_METHOD_MATCH = YES;
				COPY_PHASE_STRIP = NO;
				DEBUG_INFORMATION_FORMAT = dwarf;
				ENABLE_STRICT_OBJC_MSGSEND = YES;
				ENABLE_TESTABILITY = YES;
				ENABLE_USER_SCRIPT_SANDBOXING = YES;
				GCC_C_LANGUAGE_STANDARD = gnu17;
				GCC_DYNAMIC_NO_PIC = NO;
				GCC_NO_COMMON_BLOCKS = YES;
				GCC_OPTIMIZATION_LEVEL = 0;
				GCC_PREPROCESSOR_DEFINITIONS = (
					"DEBUG=1",
					"$(inherited)",
				);
				GCC_WARN_64_TO_32_BIT_CONVERSION = YES;
				GCC_WARN_ABOUT_RETURN_TYPE = YES_ERROR;
				GCC_WARN_UNDECLARED_SELECTOR = YES;
				GCC_WARN_UNINITIALIZED_AUTOS = YES_AGGRESSIVE;
				GCC_WARN_UNUSED_FUNCTION = YES;
				GCC_WARN_UNUSED_VARIABLE = YES;
				IPHONEOS_DEPLOYMENT_TARGET = 17.0;
				LOCALIZATION_PREFERS_STRING_CATALOGS = YES;
				MTL_ENABLE_DEBUG_INFO = INCLUDE_SOURCE;
				MTL_FAST_MATH = YES;
				ONLY_ACTIVE_ARCH = YES;
				SDKROOT = iphoneos;
				SWIFT_ACTIVE_COMPILATION_CONDITIONS = "DEBUG $(inherited)";
				SWIFT_OPTIMIZATION_LEVEL = "-Onone";
			};
			name = Debug;
		};
		FEF5130D2CA19D2900D817A6 /* Release */ = {
			isa = XCBuildConfiguration;
			buildSettings = {
				ALWAYS_SEARCH_USER_PATHS = NO;
				ASSETCATALOG_COMPILER_GENERATE_SWIFT_ASSET_SYMBOL_EXTENSIONS = YES;
				CLANG_ANALYZER_NONNULL = YES;
				CLANG_ANALYZER_NUMBER_OBJECT_CONVERSION = YES_AGGRESSIVE;
				CLANG_CXX_LANGUAGE_STANDARD = "gnu++20";
				CLANG_ENABLE_MODULES = YES;
				CLANG_ENABLE_OBJC_ARC = YES;
				CLANG_ENABLE_OBJC_WEAK = YES;
				CLANG_WARN_BLOCK_CAPTURE_AUTORELEASING = YES;
				CLANG_WARN_BOOL_CONVERSION = YES;
				CLANG_WARN_COMMA = YES;
				CLANG_WARN_CONSTANT_CONVERSION = YES;
				CLANG_WARN_DEPRECATED_OBJC_IMPLEMENTATIONS = YES;
				CLANG_WARN_DIRECT_OBJC_ISA_USAGE = YES_ERROR;
				CLANG_WARN_DOCUMENTATION_COMMENTS = YES;
				CLANG_WARN_EMPTY_BODY = YES;
				CLANG_WARN_ENUM_CONVERSION = YES;
				CLANG_WARN_INFINITE_RECURSION = YES;
				CLANG_WARN_INT_CONVERSION = YES;
				CLANG_WARN_NON_LITERAL_NULL_CONVERSION = YES;
				CLANG_WARN_OBJC_IMPLICIT_RETAIN_SELF = YES;
				CLANG_WARN_OBJC_LITERAL_CONVERSION = YES;
				CLANG_WARN_OBJC_ROOT_CLASS = YES_ERROR;
				CLANG_WARN_QUOTED_INCLUDE_IN_FRAMEWORK_HEADER = YES;
				CLANG_WARN_RANGE_LOOP_ANALYSIS = YES;
				CLANG_WARN_STRICT_PROTOTYPES = YES;
				CLANG_WARN_SUSPICIOUS_MOVE = YES;
				CLANG_WARN_UNGUARDED_AVAILABILITY = YES_AGGRESSIVE;
				CLANG_WARN_UNREACHABLE_CODE = YES;
				CLANG_WARN__DUPLICATE_METHOD_MATCH = YES;
				COPY_PHASE_STRIP = NO;
				DEBUG_INFORMATION_FORMAT = "dwarf-with-dsym";
				ENABLE_NS_ASSERTIONS = NO;
				ENABLE_STRICT_OBJC_MSGSEND = YES;
				ENABLE_USER_SCRIPT_SANDBOXING = YES;
				GCC_C_LANGUAGE_STANDARD = gnu17;
				GCC_NO_COMMON_BLOCKS = YES;
				GCC_WARN_64_TO_32_BIT_CONVERSION = YES;
				GCC_WARN_ABOUT_RETURN_TYPE = YES_ERROR;
				GCC_WARN_UNDECLARED_SELECTOR = YES;
				GCC_WARN_UNINITIALIZED_AUTOS = YES_AGGRESSIVE;
				GCC_WARN_UNUSED_FUNCTION = YES;
				GCC_WARN_UNUSED_VARIABLE = YES;
				IPHONEOS_DEPLOYMENT_TARGET = 17.0;
				LOCALIZATION_PREFERS_STRING_CATALOGS = YES;
				MTL_ENABLE_DEBUG_INFO = NO;
				MTL_FAST_MATH = YES;
				SDKROOT = iphoneos;
				SWIFT_COMPILATION_MODE = wholemodule;
				VALIDATE_PRODUCT = YES;
			};
			name = Release;
		};
		FEF5130F2CA19D2900D817A6 /* Debug */ = {
			isa = XCBuildConfiguration;
			buildSettings = {
				ASSETCATALOG_COMPILER_APPICON_NAME = AppIcon;
				ASSETCATALOG_COMPILER_GLOBAL_ACCENT_COLOR_NAME = AccentColor;
				CODE_SIGN_STYLE = Automatic;
				CURRENT_PROJECT_VERSION = 1;
				DEVELOPMENT_TEAM = MV4V2V2GP7;
				GENERATE_INFOPLIST_FILE = YES;
				INFOPLIST_FILE = WeatherTask/Info.plist;
				INFOPLIST_KEY_UIApplicationSupportsIndirectInputEvents = YES;
				INFOPLIST_KEY_UILaunchStoryboardName = LaunchScreen;
				INFOPLIST_KEY_UIMainStoryboardFile = Main;
				INFOPLIST_KEY_UISupportedInterfaceOrientations_iPad = "UIInterfaceOrientationPortrait UIInterfaceOrientationPortraitUpsideDown UIInterfaceOrientationLandscapeLeft UIInterfaceOrientationLandscapeRight";
				INFOPLIST_KEY_UISupportedInterfaceOrientations_iPhone = "UIInterfaceOrientationPortrait UIInterfaceOrientationLandscapeLeft UIInterfaceOrientationLandscapeRight";
				LD_RUNPATH_SEARCH_PATHS = (
					"$(inherited)",
					"@executable_path/Frameworks",
				);
				MARKETING_VERSION = 1.0;
				PRODUCT_BUNDLE_IDENTIFIER = com.test.WeatherTask;
				PRODUCT_NAME = "$(TARGET_NAME)";
				SWIFT_EMIT_LOC_STRINGS = YES;
				SWIFT_VERSION = 5.0;
				TARGETED_DEVICE_FAMILY = "1,2";
			};
			name = Debug;
		};
		FEF513102CA19D2900D817A6 /* Release */ = {
			isa = XCBuildConfiguration;
			buildSettings = {
				ASSETCATALOG_COMPILER_APPICON_NAME = AppIcon;
				ASSETCATALOG_COMPILER_GLOBAL_ACCENT_COLOR_NAME = AccentColor;
				CODE_SIGN_STYLE = Automatic;
				CURRENT_PROJECT_VERSION = 1;
				DEVELOPMENT_TEAM = MV4V2V2GP7;
				GENERATE_INFOPLIST_FILE = YES;
				INFOPLIST_FILE = WeatherTask/Info.plist;
				INFOPLIST_KEY_UIApplicationSupportsIndirectInputEvents = YES;
				INFOPLIST_KEY_UILaunchStoryboardName = LaunchScreen;
				INFOPLIST_KEY_UIMainStoryboardFile = Main;
				INFOPLIST_KEY_UISupportedInterfaceOrientations_iPad = "UIInterfaceOrientationPortrait UIInterfaceOrientationPortraitUpsideDown UIInterfaceOrientationLandscapeLeft UIInterfaceOrientationLandscapeRight";
				INFOPLIST_KEY_UISupportedInterfaceOrientations_iPhone = "UIInterfaceOrientationPortrait UIInterfaceOrientationLandscapeLeft UIInterfaceOrientationLandscapeRight";
				LD_RUNPATH_SEARCH_PATHS = (
					"$(inherited)",
					"@executable_path/Frameworks",
				);
				MARKETING_VERSION = 1.0;
				PRODUCT_BUNDLE_IDENTIFIER = com.test.WeatherTask;
				PRODUCT_NAME = "$(TARGET_NAME)";
				SWIFT_EMIT_LOC_STRINGS = YES;
				SWIFT_VERSION = 5.0;
				TARGETED_DEVICE_FAMILY = "1,2";
			};
			name = Release;
		};
/* End XCBuildConfiguration section */

/* Begin XCConfigurationList section */
		FEF512F52CA19D2700D817A6 /* Build configuration list for PBXProject "WeatherTask" */ = {
			isa = XCConfigurationList;
			buildConfigurations = (
				FEF5130C2CA19D2900D817A6 /* Debug */,
				FEF5130D2CA19D2900D817A6 /* Release */,
			);
			defaultConfigurationIsVisible = 0;
			defaultConfigurationName = Release;
		};
		FEF5130E2CA19D2900D817A6 /* Build configuration list for PBXNativeTarget "WeatherTask" */ = {
			isa = XCConfigurationList;
			buildConfigurations = (
				FEF5130F2CA19D2900D817A6 /* Debug */,
				FEF513102CA19D2900D817A6 /* Release */,
			);
			defaultConfigurationIsVisible = 0;
			defaultConfigurationName = Release;
		};
/* End XCConfigurationList section */
	};
	rootObject = FEF512F22CA19D2700D817A6 /* Project object */;
}
